dependencies:
- name: docker-registry
  repository: https://helm.twun.io/
  version: 2.2.2
- name: flyte-binary
  repository: file://../flyte-binary
  version: 0.1.0
- name: kubernetes-dashboard
  repository: https://kubernetes.github.io/dashboard/
  version: 5.11.0
- name: minio
  repository: https://charts.bitnami.com/bitnami
  version: 11.10.13
- name: postgresql
  repository: https://charts.bitnami.com/bitnami
  version: 12.1.0
digest: sha256:c649b0ca244081c66ef17865bf2e63429eb3c9c080b61748278a0411cda780e2
generated: "2022-12-22T15:09:50.02147-08:00"
