# Generated by buf. DO NOT EDIT.
version: v1
deps:
  - remote: buf.build
    owner: bufbuild
    repository: protovalidate
    commit: 6c6e0d3c608e4549802254a2eee81bc8
    digest: shake256:0ef32b59cbbf249d9068e009725befd8109b8d2d6541f15184c8622711bc71d532bb3746d43d50ac051810044b82992b756a048df334b770b38571b2bb04331c
  - remote: buf.build
    owner: googleapis
    repository: googleapis
    commit: 62f35d8aed1149c291d606d958a7ce32
    digest: shake256:c5f5c2401cf70b7c9719834954f31000a978397fdfebda861419bb4ab90fa8efae92710fddab0820533908a1e25ed692a8e119432b7b260c895087a4975b32f3
