# Generated by buf. DO NOT EDIT.
version: v1
deps:
  - remote: buf.build
    owner: envoyproxy
    repository: protoc-gen-validate
    commit: daf171c6cdb54629b5f51e345a79e4dd
    digest: shake256:4ae167d7eed10da5f83a3f5df8c670d249170f11b1f2fd19afda06be2cff4d47dcc95e9e4a15151ecc8ce2d3d3614caf9a04d3ad82fb768a3870dedfa9455f36
  - remote: buf.build
    owner: googleapis
    repository: googleapis
    commit: 62f35d8aed1149c291d606d958a7ce32
    digest: shake256:c5f5c2401cf70b7c9719834954f31000a978397fdfebda861419bb4ab90fa8efae92710fddab0820533908a1e25ed692a8e119432b7b260c895087a4975b32f3
  - remote: buf.build
    owner: grpc-ecosystem
    repository: grpc-gateway
    commit: 4c5ba75caaf84e928b7137ae5c18c26a
    digest: shake256:e174ad9408f3e608f6157907153ffec8d310783ee354f821f57178ffbeeb8faa6bb70b41b61099c1783c82fe16210ebd1279bc9c9ee6da5cffba9f0e675b8b99
  - remote: buf.build
    owner: unionai
    repository: protoc-gen-swagger
    commit: fd9d94dc48154d5c94ccc43695df150f
    digest: shake256:57743c99f8173b432f0750eac13671fe7721a824cbf5d4fbd85ffdd0d7b45ded507f7b0a49020f9a5eb2a434e9009ad9480140b4c9173ff58bd85c4685197d5b
