# This file is autogenerated, do not edit; changes may be undone by the next 'dep ensure'.


[[projects]]
  digest = "1:920e6fa9e64d9a7524a4bb535f0a95fff8492d73ed26c81177ba381bd5d32aa2"
  name = "github.com/Selvatico/go-mocket"
  packages = ["."]
  pruneopts = "NUT"
  revision = "c368d4162be502eea110ae12fb85e98567b0f1e6"
  version = "v1.0.7"

[[projects]]
  digest = "1:baf8d1f197a20ab6b3b92c63cb194ee8e4570d381d7a3299e0f5163252ba6df4"
  name = "github.com/aws/aws-sdk-go"
  packages = [
    "aws",
    "aws/awserr",
    "aws/awsutil",
    "aws/client",
    "aws/client/metadata",
    "aws/corehandlers",
    "aws/credentials",
    "aws/credentials/ec2rolecreds",
    "aws/credentials/endpointcreds",
    "aws/credentials/processcreds",
    "aws/credentials/stscreds",
    "aws/csm",
    "aws/defaults",
    "aws/ec2metadata",
    "aws/endpoints",
    "aws/request",
    "aws/session",
    "aws/signer/v4",
    "internal/ini",
    "internal/s3err",
    "internal/sdkio",
    "internal/sdkrand",
    "internal/sdkuri",
    "internal/shareddefaults",
    "private/protocol",
    "private/protocol/eventstream",
    "private/protocol/eventstream/eventstreamapi",
    "private/protocol/json/jsonutil",
    "private/protocol/query",
    "private/protocol/query/queryutil",
    "private/protocol/rest",
    "private/protocol/restxml",
    "private/protocol/xml/xmlutil",
    "service/s3",
    "service/sts",
    "service/sts/stsiface",
  ]
  pruneopts = "NUT"
  revision = "3d64de9191c7cf300083c8ff3049bf079c5b67ba"
  version = "v1.21.3"

[[projects]]
  digest = "1:707ebe952a8b3d00b343c01536c79c73771d100f63ec6babeaed5c79e2b8a8dd"
  name = "github.com/beorn7/perks"
  packages = ["quantile"]
  pruneopts = "NUT"
  revision = "4b2b341e8d7715fae06375aa633dbb6e91b3fb46"
  version = "v1.0.0"

[[projects]]
  digest = "1:0c31fa2fb2c809d61d640e28cc400087fe205df6ec9623dd1eb91a7de8d4f5d6"
  name = "github.com/cespare/xxhash"
  packages = ["."]
  pruneopts = "NUT"
  revision = "3b82fb7d186719faeedd0c2864f868c74fbf79a1"
  version = "v2.0.0"

[[projects]]
  digest = "1:6f502d622502fc4a896b69acdf0837c550d7b3657d124c9870f5fcc681f15b53"
  name = "github.com/coocood/freecache"
  packages = ["."]
  pruneopts = "NUT"
  revision = "3c79a0a23c1940ab4479332fb3e0127265650ce3"
  version = "v1.1.0"

[[projects]]
  digest = "1:ffe9824d294da03b391f44e1ae8281281b4afc1bdaa9588c9097785e3af10cec"
  name = "github.com/davecgh/go-spew"
  packages = ["spew"]
  pruneopts = "NUT"
  revision = "8991bc29aa16c548c550c7ff78260e27b9ab7c73"
  version = "v1.1.1"

[[projects]]
  digest = "1:ade392a843b2035effb4b4a2efa2c3bab3eb29b992e98bacf9c898b0ecb54e45"
  name = "github.com/fatih/color"
  packages = ["."]
  pruneopts = "NUT"
  revision = "5b77d2a35fb0ede96d138fc9a99f5c9b6aef11b4"
  version = "v1.7.0"

[[projects]]
  branch = "master"
  digest = "1:91bbc8ba11c3bbee849fc48e6816e03b827d9847249c00a976c2fef2f58be59e"
  name = "github.com/fsnotify/fsnotify"
  packages = ["."]
  pruneopts = "NUT"
  revision = "1485a34d5d5723fea214f5710708e19a831720e4"

[[projects]]
  branch = "master"
  digest = "1:e2b86e41f3d669fc36b50d31d32d22c8ac656c75aa5ea89717ce7177e134ff2a"
  name = "github.com/golang/glog"
  packages = ["."]
  pruneopts = "NUT"
  revision = "23def4e6c14b4da8ac2ed8007337bc5eb5007998"

[[projects]]
  digest = "1:3ea3429061d04eff320611732c74432f1e8fb0e61f69a86bce7d7c73de99e4f2"
  name = "github.com/golang/protobuf"
  packages = [
    "proto",
    "ptypes",
    "ptypes/any",
    "ptypes/duration",
    "ptypes/struct",
    "ptypes/timestamp",
  ]
  pruneopts = "NUT"
  revision = "b5d812f8a3706043e23a9cd5babf2e5423744d30"
  version = "v1.3.1"

[[projects]]
  digest = "1:3c7231e9eb47d3b907d205991a5659fa30b4abed804eee7612d19c2da131f398"
  name = "github.com/graymeta/stow"
  packages = [
    ".",
    "local",
    "s3",
  ]
  pruneopts = "NUT"
  revision = "77c84b1dd69c41b74fe0a94ca8ee257d85947327"

[[projects]]
  digest = "1:11c6c696067d3127ecf332b10f89394d386d9083f82baf71f40f2da31841a009"
  name = "github.com/hashicorp/hcl"
  packages = [
    ".",
    "hcl/ast",
    "hcl/parser",
    "hcl/printer",
    "hcl/scanner",
    "hcl/strconv",
    "hcl/token",
    "json/parser",
    "json/scanner",
    "json/token",
  ]
  pruneopts = "NUT"
  revision = "8cb6e5b959231cc1119e43259c4a608f9c51a241"
  version = "v1.0.0"

[[projects]]
  digest = "1:406338ad39ab2e37b7f4452906442a3dbf0eb3379dd1f06aafb5c07e769a5fbb"
  name = "github.com/inconshreveable/mousetrap"
  packages = ["."]
  pruneopts = "NUT"
  revision = "76626ae9c91c4f2a10f34cad8ce83ea42c93bb75"
  version = "v1.0"

[[projects]]
  digest = "1:8481b0bd2fa016025fe683e5b84d1051ebfbf356ae2d6aad5374f23edb21c10a"
  name = "github.com/jinzhu/gorm"
  packages = [
    ".",
    "dialects/postgres",
    "dialects/sqlite",
  ]
  pruneopts = "NUT"
  revision = "836fb2c19d84dac7b0272958dfb9af7cf0d0ade4"
  version = "v1.9.10"

[[projects]]
  digest = "1:802f75230c29108e787d40679f9bf5da1a5673eaf5c10eb89afd993e18972909"
  name = "github.com/jinzhu/inflection"
  packages = ["."]
  pruneopts = "NUT"
  revision = "f5c5f50e6090ae76a29240b61ae2a90dd810112e"
  version = "v1.0.0"

[[projects]]
  digest = "1:1f2aebae7e7c856562355ec0198d8ca2fa222fb05e5b1b66632a1fce39631885"
  name = "github.com/jmespath/go-jmespath"
  packages = ["."]
  pruneopts = "NUT"
  revision = "c2b33e84"

[[projects]]
  digest = "1:58999a98719fddbac6303cb17e8d85b945f60b72f48e3a2df6b950b97fa926f1"
  name = "github.com/konsorten/go-windows-terminal-sequences"
  packages = ["."]
  pruneopts = "NUT"
  revision = "f55edac94c9bbba5d6182a4be46d86a2c9b5b50e"
  version = "v1.0.2"

[[projects]]
  digest = "1:d8d85b5aace516f6897fcc81d3ad2da280e1d4d2ccd22c7270649bf44715d7a9"
  name = "github.com/lib/pq"
  packages = [
    ".",
    "hstore",
    "oid",
    "scram",
  ]
  pruneopts = "NUT"
  revision = "3427c32cb71afc948325f299f040e53c1dd78979"
  version = "v1.2.0"

[[projects]]
  digest = "1:87d447239dd6752a762a4f94652b69c46cb53ca3d32dc52898857f7d1776c701"
  name = "github.com/lyft/flyteidl"
  packages = ["gen/pb-go/flyteidl/core"]
  pruneopts = "T"
  revision = "793b09d190148236f41ad8160b5cec9a3325c16f"
  version = "v0.1.0"

[[projects]]
  digest = "1:ef46e605151d1cacde38e96f3dac8d458d5380d3be4b58cae9e7c8220c8fffd2"
  name = "github.com/lyft/flytestdlib"
  packages = [
    "atomic",
    "config",
    "config/files",
    "config/viper",
    "contextutils",
    "ioutils",
    "logger",
    "profutils",
    "promutils",
    "promutils/labeled",
    "storage",
    "version",
  ]
  pruneopts = "NUT"
  revision = "2577ff228d559b8fdf687f6cfad196bfbf1bd50a"
  version = "v0.2.10"

[[projects]]
  digest = "1:802689c84994b7f2e41ffe7e39d29a8d8227f2121938dc025db44dfaa9633b15"
  name = "github.com/magiconair/properties"
  packages = ["."]
  pruneopts = "NUT"
  revision = "de8848e004dd33dc07a2947b3d76f618a7fc7ef1"
  version = "v1.8.1"

[[projects]]
  digest = "1:08c231ec84231a7e23d67e4b58f975e1423695a32467a362ee55a803f9de8061"
  name = "github.com/mattn/go-colorable"
  packages = ["."]
  pruneopts = "NUT"
  revision = "167de6bfdfba052fa6b2d3664c8f5272e23c9072"
  version = "v0.0.9"

[[projects]]
  digest = "1:666428435471609937bd13f56e2e31501b5660ffc44a786cf2217dc53291a604"
  name = "github.com/mattn/go-isatty"
  packages = ["."]
  pruneopts = "NUT"
  revision = "1311e847b0cb909da63b5fecfb5370aa66236465"
  version = "v0.0.8"

[[projects]]
  digest = "1:c9724c929d27a14475a45b17a267dbc60671c0bc2c5c05ed21f011f7b5bc9fb5"
  name = "github.com/mattn/go-sqlite3"
  packages = ["."]
  pruneopts = "NUT"
  revision = "c7c4067b79cc51e6dfdcef5c702e74b1e0fa7c75"
  version = "v1.10.0"

[[projects]]
  digest = "1:5985ef4caf91ece5d54817c11ea25f182697534f8ae6521eadcd628c142ac4b6"
  name = "github.com/matttproud/golang_protobuf_extensions"
  packages = ["pbutil"]
  pruneopts = "NUT"
  revision = "c12348ce28de40eed0136aa2b644d0ee0650e56c"
  version = "v1.0.1"

[[projects]]
  digest = "1:a45ae66dea4c899d79fceb116accfa1892105c251f0dcd9a217ddc276b42ec68"
  name = "github.com/mitchellh/mapstructure"
  packages = ["."]
  pruneopts = "NUT"
  revision = "3536a929edddb9a5b34bd6861dc4a9647cb459fe"
  version = "v1.1.2"

[[projects]]
  digest = "1:4e9827f31d4fc1ddd732a0e3af4e863d281dd405adb2bfb96a25cc5346a77caf"
  name = "github.com/pelletier/go-toml"
  packages = ["."]
  pruneopts = "NUT"
  revision = "728039f679cbcd4f6a54e080d2219a4c4928c546"
  version = "v1.4.0"

[[projects]]
  digest = "1:14715f705ff5dfe0ffd6571d7d201dd8e921030f8070321a79380d8ca4ec1a24"
  name = "github.com/pkg/errors"
  packages = ["."]
  pruneopts = "NUT"
  revision = "ba968bfe8b2f7e042a574c888954fccecfa385b4"
  version = "v0.8.1"

[[projects]]
  digest = "1:0028cb19b2e4c3112225cd871870f2d9cf49b9b4276531f03438a88e94be86fe"
  name = "github.com/pmezard/go-difflib"
  packages = ["difflib"]
  pruneopts = "NUT"
  revision = "792786c7400a136282c1664665ae0a8db921c6c2"
  version = "v1.0.0"

[[projects]]
  digest = "1:3d7ad9c93ee2e43dc7dd48b76f96804c365be7fe30e75f7405028c4e633d189a"
  name = "github.com/prometheus/client_golang"
  packages = [
    "prometheus",
    "prometheus/internal",
    "prometheus/promhttp",
  ]
  pruneopts = "NUT"
  revision = "2641b987480bca71fb39738eb8c8b0d577cb1d76"
  version = "v0.9.4"

[[projects]]
  branch = "master"
  digest = "1:2d5cd61daa5565187e1d96bae64dbbc6080dacf741448e9629c64fd93203b0d4"
  name = "github.com/prometheus/client_model"
  packages = ["go"]
  pruneopts = "NUT"
  revision = "fd36f4220a901265f90734c3183c5f0c91daa0b8"

[[projects]]
  digest = "1:d03ca24670416dc8fccc78b05d6736ec655416ca7db0a028e8fb92cfdfe3b55e"
  name = "github.com/prometheus/common"
  packages = [
    "expfmt",
    "internal/bitbucket.org/ww/goautoneg",
    "model",
  ]
  pruneopts = "NUT"
  revision = "31bed53e4047fd6c510e43a941f90cb31be0972a"
  version = "v0.6.0"

[[projects]]
  digest = "1:19305fc369377c111c865a7a01e11c675c57c52a932353bbd4ea360bd5b72d99"
  name = "github.com/prometheus/procfs"
  packages = [
    ".",
    "internal/fs",
  ]
  pruneopts = "NUT"
  revision = "3f98efb27840a48a7a2898ec80be07674d19f9c8"
  version = "v0.0.3"

[[projects]]
  digest = "1:f4aaa07a6c33f2b354726d0571acbc8ca118837c75709f6353203ae1a3f8eeab"
  name = "github.com/sirupsen/logrus"
  packages = ["."]
  pruneopts = "NUT"
  revision = "839c75faf7f98a33d445d181f3018b5c3409a45e"
  version = "v1.4.2"

[[projects]]
  digest = "1:6792bb72ea0e7112157d02e4e175cd421b43d004a853f56316a19beca6e0c074"
  name = "github.com/spf13/afero"
  packages = [
    ".",
    "mem",
  ]
  pruneopts = "NUT"
  revision = "588a75ec4f32903aa5e39a2619ba6a4631e28424"
  version = "v1.2.2"

[[projects]]
  digest = "1:c5e6b121ef3d2043505edaf4c80e5a008cec2513dc8804795eb0479d1555bcf7"
  name = "github.com/spf13/cast"
  packages = ["."]
  pruneopts = "NUT"
  revision = "8c9545af88b134710ab1cd196795e7f2388358d7"
  version = "v1.3.0"

[[projects]]
  digest = "1:343d44e06621142ab09ae0c76c1799104cdfddd3ffb445d78b1adf8dc3ffaf3d"
  name = "github.com/spf13/cobra"
  packages = ["."]
  pruneopts = "NUT"
  revision = "ef82de70bb3f60c65fb8eebacbb2d122ef517385"
  version = "v0.0.3"

[[projects]]
  digest = "1:3d72352adb74e79d6d5a43d6f51bfd2d0bd0c9b5f3c00cf5a4b1636d8d3b9d92"
  name = "github.com/spf13/jwalterweatherman"
  packages = ["."]
  pruneopts = "NUT"
  revision = "94f6ae3ed3bceceafa716478c5fbf8d29ca601a1"
  version = "v1.1.0"

[[projects]]
  digest = "1:9d8420bbf131d1618bde6530af37c3799340d3762cc47210c1d9532a4c3a2779"
  name = "github.com/spf13/pflag"
  packages = ["."]
  pruneopts = "NUT"
  revision = "298182f68c66c05229eb03ac171abe6e309ee79a"
  version = "v1.0.3"

[[projects]]
  digest = "1:7e1a17cfd0ad758abc27d10beeda550f5bb1e1b8746f0d67040a45775931c226"
  name = "github.com/spf13/viper"
  packages = ["."]
  pruneopts = "NUT"
  revision = "ae103d7e593e371c69e832d5eb3347e2b80cbbc9"

[[projects]]
  digest = "1:60a46e2410edbf02b419f833372dd1d24d7aa1b916a990a7370e792fada1eadd"
  name = "github.com/stretchr/objx"
  packages = ["."]
  pruneopts = "NUT"
  revision = "477a77ecc69700c7cdeb1fa9e129548e1c1c393c"
  version = "v0.1.1"

[[projects]]
  digest = "1:4fec2fe9ce617252d634de83ca8dd5f9c7c391637540896542c80ab63f071f51"
  name = "github.com/stretchr/testify"
  packages = [
    "assert",
    "mock",
  ]
  pruneopts = "NUT"
  revision = "ffdc059bfe9ce6a4e144ba849dbedead332c6053"
  version = "v1.3.0"

[[projects]]
  branch = "master"
  digest = "1:bafd5fe279fd563e58b661da3c7c258beb33b55d48294446a8870caeecefd3a1"
  name = "golang.org/x/net"
  packages = [
    "http/httpguts",
    "http2",
    "http2/hpack",
    "idna",
    "internal/timeseries",
    "trace",
  ]
  pruneopts = "NUT"
  revision = "1f3472d942ba824034fb77cab6a6cfc1bc8a2c3c"

[[projects]]
  branch = "master"
  digest = "1:f632c225ef300cb47bb7363bc1006ca57601af35f03b8fe41d03ed67b581c4fc"
  name = "golang.org/x/sys"
  packages = ["unix"]
  pruneopts = "NUT"
  revision = "e8e3143a4f4a00f1fafef0dd82ba78223281b01b"

[[projects]]
  digest = "1:e7071ed636b5422cc51c0e3a6cebc229d6c9fffc528814b519a980641422d619"
  name = "golang.org/x/text"
  packages = [
    "collate",
    "collate/build",
    "internal/colltab",
    "internal/gen",
    "internal/tag",
    "internal/triegen",
    "internal/ucd",
    "language",
    "secure/bidirule",
    "transform",
    "unicode/bidi",
    "unicode/cldr",
    "unicode/norm",
    "unicode/rangetable",
  ]
  pruneopts = "NUT"
  revision = "f21a4dfb5e38f5895301dc265a8def02365cc3d0"
  version = "v0.3.0"

[[projects]]
  branch = "master"
  digest = "1:9fdc2b55e8e0fafe4b41884091e51e77344f7dc511c5acedcfd98200003bff90"
  name = "golang.org/x/time"
  packages = ["rate"]
  pruneopts = "NUT"
  revision = "9d24e82272b4f38b78bc8cff74fa936d31ccd8ef"

[[projects]]
  branch = "master"
  digest = "1:c3076e7defee87de1236f1814beb588f40a75544c60121e6eb38b3b3721783e2"
  name = "google.golang.org/genproto"
  packages = ["googleapis/rpc/status"]
  pruneopts = "NUT"
  revision = "e7d98fc518a78c9f8b5ee77be7b0b317475d89e1"

[[projects]]
  digest = "1:ffb498178a6bbe5a877e715cc85a40d5a712883d85f5bf05acf26dbd6c8f71e2"
  name = "google.golang.org/grpc"
  packages = [
    ".",
    "balancer",
    "balancer/base",
    "balancer/roundrobin",
    "binarylog/grpc_binarylog_v1",
    "codes",
    "connectivity",
    "credentials",
    "credentials/internal",
    "encoding",
    "encoding/proto",
    "grpclog",
    "internal",
    "internal/backoff",
    "internal/balancerload",
    "internal/binarylog",
    "internal/channelz",
    "internal/envconfig",
    "internal/grpcrand",
    "internal/grpcsync",
    "internal/syscall",
    "internal/transport",
    "keepalive",
    "metadata",
    "naming",
    "peer",
    "resolver",
    "resolver/dns",
    "resolver/passthrough",
    "stats",
    "status",
    "tap",
  ]
  pruneopts = "NUT"
  revision = "25c4f928eaa6d96443009bd842389fb4fa48664e"
  version = "v1.20.1"

[[projects]]
  digest = "1:18108594151654e9e696b27b181b953f9a90b16bf14d253dd1b397b025a1487f"
  name = "gopkg.in/yaml.v2"
  packages = ["."]
  pruneopts = "NUT"
  revision = "51d6538a90f86fe93ac480b35f37b2be17fef232"
  version = "v2.2.2"

[[projects]]
  digest = "1:47d558c9776c006fd56b90df0ffddf57d11bedcd4f62a75153f230fe55873a37"
  name = "k8s.io/apimachinery"
  packages = [
    "pkg/util/clock",
    "pkg/util/rand",
    "pkg/util/runtime",
  ]
  pruneopts = "NUT"
  revision = "2b1284ed4c93a43499e781493253e2ac5959c4fd"
  version = "kubernetes-1.13.1"

[[projects]]
  digest = "1:b6412f8acd9a9fc6fb67302c24966618b16501b9d769a20bee42ce61e510c92c"
  name = "k8s.io/client-go"
  packages = ["util/workqueue"]
  pruneopts = "NUT"
  revision = "8d9ed539ba3134352c586810e749e58df4e94e4f"
  version = "kubernetes-1.13.1"

[[projects]]
  digest = "1:43099cc4ed575c40f80277c7ba7168df37d0c663bdc4f541325430bd175cce8a"
  name = "k8s.io/klog"
  packages = ["."]
  pruneopts = "NUT"
  revision = "d98d8acdac006fb39831f1b25640813fef9c314f"
  version = "v0.3.3"

[solve-meta]
  analyzer-name = "dep"
  analyzer-version = 1
  input-imports = [
    "github.com/Selvatico/go-mocket",
    "github.com/golang/glog",
    "github.com/golang/protobuf/proto",
    "github.com/jinzhu/gorm",
    "github.com/jinzhu/gorm/dialects/postgres",
    "github.com/jinzhu/gorm/dialects/sqlite",
    "github.com/lib/pq",
    "github.com/lyft/flyteidl/gen/pb-go/flyteidl/core",
    "github.com/lyft/flytestdlib/config",
    "github.com/lyft/flytestdlib/config/viper",
    "github.com/lyft/flytestdlib/contextutils",
    "github.com/lyft/flytestdlib/logger",
    "github.com/lyft/flytestdlib/profutils",
    "github.com/lyft/flytestdlib/promutils",
    "github.com/lyft/flytestdlib/promutils/labeled",
    "github.com/lyft/flytestdlib/storage",
    "github.com/mitchellh/mapstructure",
    "github.com/spf13/cobra",
    "github.com/spf13/pflag",
    "github.com/stretchr/testify/assert",
    "github.com/stretchr/testify/mock",
    "google.golang.org/grpc",
    "google.golang.org/grpc/codes",
    "google.golang.org/grpc/status",
  ]
  solver-name = "gps-cdcl"
  solver-version = 1
