dependencies:
- name: docker-registry
  repository: https://twuni.github.io/docker-registry.helm
  version: 2.2.2
- name: flyte-binary
  repository: file://../flyte-binary
  version: v0.2.0
- name: knative-serving
  repository: https://deeploy-knative-serving-charts.storage.googleapis.com/
  version: 1.18.3
- name: rustfs
  repository: https://rustfs.github.io/helm
  version: 0.0.94
digest: sha256:c7ea2b1068aca00d795bff59cd86b8efe176a1f3dbc2a84804af7df311514220
generated: "2026-05-05T17:57:43.425148-05:00"
