dependencies:
- name: docker-registry
  repository: https://twuni.github.io/docker-registry.helm
  version: 2.2.2
- name: flyte-binary
  repository: file://../flyte-binary
  version: v0.2.0
- name: knative-serving
  repository: https://deeploy-knative-serving-charts.storage.googleapis.com/
  version: 1.18.3
- name: rustfs
  repository: https://rustfs.github.io/helm
  version: 0.0.94
digest: sha256:c689a250047985626abbd72aff025e8d766ba9ef067b4d448c3a555844096bf0
generated: "2026-04-26T01:24:57.780995-05:00"
