# Generated by buf. DO NOT EDIT.
version: v1
deps:
  - remote: buf.build
    owner: bufbuild
    repository: protovalidate
    commit: 5a7b106cbb87462d9a8c9ffecdbd2e38
    digest: shake256:2f7efa5a904668219f039d4f6eeb51e871f8f7f5966055a10663cba335bd65f76cac84da3fa758ab7b5dcb489ec599521390ce3951d119fb56df1fc2def16bb0
  - remote: buf.build
    owner: envoyproxy
    repository: protoc-gen-validate
    commit: daf171c6cdb54629b5f51e345a79e4dd
    digest: shake256:4ae167d7eed10da5f83a3f5df8c670d249170f11b1f2fd19afda06be2cff4d47dcc95e9e4a15151ecc8ce2d3d3614caf9a04d3ad82fb768a3870dedfa9455f36
  - remote: buf.build
    owner: googleapis
    repository: googleapis
    commit: 62f35d8aed1149c291d606d958a7ce32
    digest: shake256:c5f5c2401cf70b7c9719834954f31000a978397fdfebda861419bb4ab90fa8efae92710fddab0820533908a1e25ed692a8e119432b7b260c895087a4975b32f3
